
Microsoft Visual Studio Solution File, Format Version 12.00
# Visual Studio Version 17
VisualStudioVersion = 17.8.34205.153
MinimumVisualStudioVersion = 10.0.40219.1
Project("{2150E333-8FDC-42A3-9474-1A3956D46DE8}") = "src", "src", "{562E1CE6-ACC0-4BD8-858A-AC6FBCEC0AC4}"
EndProject
Project("{2150E333-8FDC-42A3-9474-1A3956D46DE8}") = "Services", "Services", "{983F4D9D-448F-4BBB-9C61-11CFD9AA9E73}"
EndProject
Project("{2150E333-8FDC-42A3-9474-1A3956D46DE8}") = "WebApps", "WebApps", "{A142130E-F276-4A27-8A5E-49FF82E29D1A}"
EndProject
Project("{2150E333-8FDC-42A3-9474-1A3956D46DE8}") = "BookLibrary", "BookLibrary", "{81D42595-0BDC-425B-BBF0-1E93AC5ABB4B}"
EndProject
Project("{2150E333-8FDC-42A3-9474-1A3956D46DE8}") = "tests", "tests", "{1309130B-2D92-4197-901C-0480FB6104A4}"
EndProject
Project("{9A19103F-16F7-4668-BE54-9A1E7A4F7556}") = "BookLibrary.API", "Services\BookLibrary\BookLibrary.API\BookLibrary.API.csproj", "{742C6ECF-6567-435A-8F92-585D4C9A9260}"
EndProject
Project("{9A19103F-16F7-4668-BE54-9A1E7A4F7556}") = "BookLibrary.Domain", "Services\BookLibrary\BookLibrary.Domain\BookLibrary.Domain.csproj", "{5A9BD763-053A-4E85-823C-1706046819B5}"
EndProject
Project("{9A19103F-16F7-4668-BE54-9A1E7A4F7556}") = "BookLibrary.Infrastructure", "Services\BookLibrary\BookLibrary.Infrastructure\BookLibrary.Infrastructure.csproj", "{746D9BE6-D682-4DAD-A254-A484ED32B7BC}"
EndProject
Project("{9A19103F-16F7-4668-BE54-9A1E7A4F7556}") = "BookLibrary.UnitTests", "Services\BookLibrary\tests\BookLibrary.UnitTests\BookLibrary.UnitTests.csproj", "{B5B3E7AD-94C9-475A-A167-C91C4CFC428E}"
EndProject
Project("{E53339B2-1760-4266-BCC7-CA923CBCF16C}") = "docker-compose", "docker-compose.dcproj", "{E805C4BD-46E2-4171-8CD3-5A0398EC199F}"
EndProject
Project("{2150E333-8FDC-42A3-9474-1A3956D46DE8}") = "BuildingBlocks", "BuildingBlocks", "{4E3F501A-AD42-46DC-9231-A44CFE4A4343}"
EndProject
Project("{FAE04EC0-301F-11D3-BF4B-00C04F79EFBC}") = "EventBus", "BuildingBlocks\EventBus\EventBus\EventBus.csproj", "{0B00F0FF-7663-45C8-A868-BC45D4485CC9}"
EndProject
Project("{FAE04EC0-301F-11D3-BF4B-00C04F79EFBC}") = "EventBus.AzureServiceBus", "BuildingBlocks\EventBus\EventBus.AzureServiceBus\EventBus.AzureServiceBus.csproj", "{54064767-2A96-4C30-A532-CF9E12A9EF05}"
EndProject
Project("{FAE04EC0-301F-11D3-BF4B-00C04F79EFBC}") = "BookLibrary.SignalRHub", "Services\BookLibrary\BookLibrary.SignalRHub\BookLibrary.SignalRHub.csproj", "{DFDF2422-0052-4CEF-B8C8-09757A8D773A}"
EndProject
Project("{54A90642-561A-4BB1-A94E-469ADEE60C69}") = "booklibrary-spa", "WebApps\booklibrary-spa\booklibrary-spa.esproj", "{453B9EA5-C242-472A-82EF-74BE7714A432}"
EndProject
Global
	GlobalSection(SolutionConfigurationPlatforms) = preSolution
		Debug|Any CPU = Debug|Any CPU
		Release|Any CPU = Release|Any CPU
	EndGlobalSection
	GlobalSection(ProjectConfigurationPlatforms) = postSolution
		{742C6ECF-6567-435A-8F92-585D4C9A9260}.Debug|Any CPU.ActiveCfg = Debug|Any CPU
		{742C6ECF-6567-435A-8F92-585D4C9A9260}.Debug|Any CPU.Build.0 = Debug|Any CPU
		{742C6ECF-6567-435A-8F92-585D4C9A9260}.Release|Any CPU.ActiveCfg = Release|Any CPU
		{742C6ECF-6567-435A-8F92-585D4C9A9260}.Release|Any CPU.Build.0 = Release|Any CPU
		{5A9BD763-053A-4E85-823C-1706046819B5}.Debug|Any CPU.ActiveCfg = Debug|Any CPU
		{5A9BD763-053A-4E85-823C-1706046819B5}.Debug|Any CPU.Build.0 = Debug|Any CPU
		{5A9BD763-053A-4E85-823C-1706046819B5}.Release|Any CPU.ActiveCfg = Release|Any CPU
		{5A9BD763-053A-4E85-823C-1706046819B5}.Release|Any CPU.Build.0 = Release|Any CPU
		{746D9BE6-D682-4DAD-A254-A484ED32B7BC}.Debug|Any CPU.ActiveCfg = Debug|Any CPU
		{746D9BE6-D682-4DAD-A254-A484ED32B7BC}.Debug|Any CPU.Build.0 = Debug|Any CPU
		{746D9BE6-D682-4DAD-A254-A484ED32B7BC}.Release|Any CPU.ActiveCfg = Release|Any CPU
		{746D9BE6-D682-4DAD-A254-A484ED32B7BC}.Release|Any CPU.Build.0 = Release|Any CPU
		{B5B3E7AD-94C9-475A-A167-C91C4CFC428E}.Debug|Any CPU.ActiveCfg = Debug|Any CPU
		{B5B3E7AD-94C9-475A-A167-C91C4CFC428E}.Debug|Any CPU.Build.0 = Debug|Any CPU
		{B5B3E7AD-94C9-475A-A167-C91C4CFC428E}.Release|Any CPU.ActiveCfg = Release|Any CPU
		{B5B3E7AD-94C9-475A-A167-C91C4CFC428E}.Release|Any CPU.Build.0 = Release|Any CPU
		{E805C4BD-46E2-4171-8CD3-5A0398EC199F}.Debug|Any CPU.ActiveCfg = Debug|Any CPU
		{E805C4BD-46E2-4171-8CD3-5A0398EC199F}.Debug|Any CPU.Build.0 = Debug|Any CPU
		{E805C4BD-46E2-4171-8CD3-5A0398EC199F}.Release|Any CPU.ActiveCfg = Release|Any CPU
		{E805C4BD-46E2-4171-8CD3-5A0398EC199F}.Release|Any CPU.Build.0 = Release|Any CPU
		{0B00F0FF-7663-45C8-A868-BC45D4485CC9}.Debug|Any CPU.ActiveCfg = Debug|Any CPU
		{0B00F0FF-7663-45C8-A868-BC45D4485CC9}.Debug|Any CPU.Build.0 = Debug|Any CPU
		{0B00F0FF-7663-45C8-A868-BC45D4485CC9}.Release|Any CPU.ActiveCfg = Release|Any CPU
		{0B00F0FF-7663-45C8-A868-BC45D4485CC9}.Release|Any CPU.Build.0 = Release|Any CPU
		{54064767-2A96-4C30-A532-CF9E12A9EF05}.Debug|Any CPU.ActiveCfg = Debug|Any CPU
		{54064767-2A96-4C30-A532-CF9E12A9EF05}.Debug|Any CPU.Build.0 = Debug|Any CPU
		{54064767-2A96-4C30-A532-CF9E12A9EF05}.Release|Any CPU.ActiveCfg = Release|Any CPU
		{54064767-2A96-4C30-A532-CF9E12A9EF05}.Release|Any CPU.Build.0 = Release|Any CPU
		{DFDF2422-0052-4CEF-B8C8-09757A8D773A}.Debug|Any CPU.ActiveCfg = Debug|Any CPU
		{DFDF2422-0052-4CEF-B8C8-09757A8D773A}.Debug|Any CPU.Build.0 = Debug|Any CPU
		{DFDF2422-0052-4CEF-B8C8-09757A8D773A}.Release|Any CPU.ActiveCfg = Release|Any CPU
		{DFDF2422-0052-4CEF-B8C8-09757A8D773A}.Release|Any CPU.Build.0 = Release|Any CPU
		{453B9EA5-C242-472A-82EF-74BE7714A432}.Debug|Any CPU.ActiveCfg = Debug|Any CPU
		{453B9EA5-C242-472A-82EF-74BE7714A432}.Debug|Any CPU.Build.0 = Debug|Any CPU
		{453B9EA5-C242-472A-82EF-74BE7714A432}.Debug|Any CPU.Deploy.0 = Debug|Any CPU
		{453B9EA5-C242-472A-82EF-74BE7714A432}.Release|Any CPU.ActiveCfg = Release|Any CPU
		{453B9EA5-C242-472A-82EF-74BE7714A432}.Release|Any CPU.Build.0 = Release|Any CPU
		{453B9EA5-C242-472A-82EF-74BE7714A432}.Release|Any CPU.Deploy.0 = Release|Any CPU
	EndGlobalSection
	GlobalSection(SolutionProperties) = preSolution
		HideSolutionNode = FALSE
	EndGlobalSection
	GlobalSection(NestedProjects) = preSolution
		{983F4D9D-448F-4BBB-9C61-11CFD9AA9E73} = {562E1CE6-ACC0-4BD8-858A-AC6FBCEC0AC4}
		{A142130E-F276-4A27-8A5E-49FF82E29D1A} = {562E1CE6-ACC0-4BD8-858A-AC6FBCEC0AC4}
		{81D42595-0BDC-425B-BBF0-1E93AC5ABB4B} = {983F4D9D-448F-4BBB-9C61-11CFD9AA9E73}
		{1309130B-2D92-4197-901C-0480FB6104A4} = {81D42595-0BDC-425B-BBF0-1E93AC5ABB4B}
		{742C6ECF-6567-435A-8F92-585D4C9A9260} = {81D42595-0BDC-425B-BBF0-1E93AC5ABB4B}
		{5A9BD763-053A-4E85-823C-1706046819B5} = {81D42595-0BDC-425B-BBF0-1E93AC5ABB4B}
		{746D9BE6-D682-4DAD-A254-A484ED32B7BC} = {81D42595-0BDC-425B-BBF0-1E93AC5ABB4B}
		{B5B3E7AD-94C9-475A-A167-C91C4CFC428E} = {1309130B-2D92-4197-901C-0480FB6104A4}
		{4E3F501A-AD42-46DC-9231-A44CFE4A4343} = {562E1CE6-ACC0-4BD8-858A-AC6FBCEC0AC4}
		{0B00F0FF-7663-45C8-A868-BC45D4485CC9} = {4E3F501A-AD42-46DC-9231-A44CFE4A4343}
		{54064767-2A96-4C30-A532-CF9E12A9EF05} = {4E3F501A-AD42-46DC-9231-A44CFE4A4343}
		{DFDF2422-0052-4CEF-B8C8-09757A8D773A} = {81D42595-0BDC-425B-BBF0-1E93AC5ABB4B}
		{453B9EA5-C242-472A-82EF-74BE7714A432} = {A142130E-F276-4A27-8A5E-49FF82E29D1A}
	EndGlobalSection
	GlobalSection(ExtensibilityGlobals) = postSolution
		SolutionGuid = {FFF1D790-7C11-46FC-9E36-AD3FE366C9E4}
	EndGlobalSection
EndGlobal
